
Microsoft Visual Studio Solution File, Format Version 12.00
# Visual Studio 2013
VisualStudioVersion = 12.0.31101.0
MinimumVisualStudioVersion = 10.0.40219.1
Project("{FAE04EC0-301F-11D3-BF4B-00C04F79EFBC}") = "TD", "TD\TD.csproj", "{94E69D6B-2FDC-4BF5-AD2A-1EAC24F95A98}"
EndProject
Project("{FAE04EC0-301F-11D3-BF4B-00C04F79EFBC}") = "SharpDX.Samples", "Common\SharpDX.Samples.csproj", "{93716298-9FA4-4002-AE0B-4C9F4705CCEA}"
EndProject
Project("{2150E333-8FDC-42A3-9474-1A3956D46DE8}") = "Solution Items", "Solution Items", "{70F96DEF-9069-4569-AAEE-B26CD295187A}"
	ProjectSection(SolutionItems) = preProject
		Performance1.psess = Performance1.psess
	EndProjectSection
EndProject
Project("{FAE04EC0-301F-11D3-BF4B-00C04F79EFBC}") = "InternetManager", "InternetManager\InternetManager.csproj", "{CB4AEDDF-88F8-42A0-A7F6-3F3FD00A58BA}"
EndProject
Global
	GlobalSection(SolutionConfigurationPlatforms) = preSolution
		Debug|Any CPU = Debug|Any CPU
		Release|Any CPU = Release|Any CPU
	EndGlobalSection
	GlobalSection(ProjectConfigurationPlatforms) = postSolution
		{94E69D6B-2FDC-4BF5-AD2A-1EAC24F95A98}.Debug|Any CPU.ActiveCfg = Debug|Any CPU
		{94E69D6B-2FDC-4BF5-AD2A-1EAC24F95A98}.Debug|Any CPU.Build.0 = Debug|Any CPU
		{94E69D6B-2FDC-4BF5-AD2A-1EAC24F95A98}.Release|Any CPU.ActiveCfg = Release|Any CPU
		{94E69D6B-2FDC-4BF5-AD2A-1EAC24F95A98}.Release|Any CPU.Build.0 = Release|Any CPU
		{93716298-9FA4-4002-AE0B-4C9F4705CCEA}.Debug|Any CPU.ActiveCfg = Debug|Any CPU
		{93716298-9FA4-4002-AE0B-4C9F4705CCEA}.Debug|Any CPU.Build.0 = Debug|Any CPU
		{93716298-9FA4-4002-AE0B-4C9F4705CCEA}.Release|Any CPU.ActiveCfg = Release|Any CPU
		{93716298-9FA4-4002-AE0B-4C9F4705CCEA}.Release|Any CPU.Build.0 = Release|Any CPU
		{CB4AEDDF-88F8-42A0-A7F6-3F3FD00A58BA}.Debug|Any CPU.ActiveCfg = Debug|Any CPU
		{CB4AEDDF-88F8-42A0-A7F6-3F3FD00A58BA}.Debug|Any CPU.Build.0 = Debug|Any CPU
		{CB4AEDDF-88F8-42A0-A7F6-3F3FD00A58BA}.Release|Any CPU.ActiveCfg = Release|Any CPU
		{CB4AEDDF-88F8-42A0-A7F6-3F3FD00A58BA}.Release|Any CPU.Build.0 = Release|Any CPU
	EndGlobalSection
	GlobalSection(SolutionProperties) = preSolution
		HideSolutionNode = FALSE
	EndGlobalSection
EndGlobal
